
Microsoft Visual Studio Solution File, Format Version 12.00
# Visual Studio Version 17
VisualStudioVersion = 17.3.32901.215
MinimumVisualStudioVersion = 10.0.40219.1
Project("{9A19103F-16F7-4668-BE54-9A1E7A4F7556}") = "CashMachineClassLibrary", "CashMachineClassLibrary\CashMachineClassLibrary.csproj", "{58122AD6-368B-4972-B0D0-F2D55EE4E29E}"
EndProject
Project("{9A19103F-16F7-4668-BE54-9A1E7A4F7556}") = "CashMachineConsoleApp", "CashMachineConsoleApp\CashMachineConsoleApp.csproj", "{C5721399-3EE0-45B4-A34A-C5D00871D42B}"
EndProject
Project("{9A19103F-16F7-4668-BE54-9A1E7A4F7556}") = "CashMachineWpfApp", "CashMachineWpfApp\CashMachineWpfApp.csproj", "{5177EC89-0007-4A28-851F-0BA45C52097C}"
EndProject
Global
	GlobalSection(SolutionConfigurationPlatforms) = preSolution
		Debug|Any CPU = Debug|Any CPU
		Release|Any CPU = Release|Any CPU
	EndGlobalSection
	GlobalSection(ProjectConfigurationPlatforms) = postSolution
		{58122AD6-368B-4972-B0D0-F2D55EE4E29E}.Debug|Any CPU.ActiveCfg = Debug|Any CPU
		{58122AD6-368B-4972-B0D0-F2D55EE4E29E}.Debug|Any CPU.Build.0 = Debug|Any CPU
		{58122AD6-368B-4972-B0D0-F2D55EE4E29E}.Release|Any CPU.ActiveCfg = Release|Any CPU
		{58122AD6-368B-4972-B0D0-F2D55EE4E29E}.Release|Any CPU.Build.0 = Release|Any CPU
		{C5721399-3EE0-45B4-A34A-C5D00871D42B}.Debug|Any CPU.ActiveCfg = Debug|Any CPU
		{C5721399-3EE0-45B4-A34A-C5D00871D42B}.Debug|Any CPU.Build.0 = Debug|Any CPU
		{C5721399-3EE0-45B4-A34A-C5D00871D42B}.Release|Any CPU.ActiveCfg = Release|Any CPU
		{C5721399-3EE0-45B4-A34A-C5D00871D42B}.Release|Any CPU.Build.0 = Release|Any CPU
		{5177EC89-0007-4A28-851F-0BA45C52097C}.Debug|Any CPU.ActiveCfg = Debug|Any CPU
		{5177EC89-0007-4A28-851F-0BA45C52097C}.Debug|Any CPU.Build.0 = Debug|Any CPU
		{5177EC89-0007-4A28-851F-0BA45C52097C}.Release|Any CPU.ActiveCfg = Release|Any CPU
		{5177EC89-0007-4A28-851F-0BA45C52097C}.Release|Any CPU.Build.0 = Release|Any CPU
	EndGlobalSection
	GlobalSection(SolutionProperties) = preSolution
		HideSolutionNode = FALSE
	EndGlobalSection
	GlobalSection(ExtensibilityGlobals) = postSolution
		SolutionGuid = {43E0713D-40B0-44B3-AEB5-75F054487D86}
	EndGlobalSection
EndGlobal
